
Microsoft Visual Studio Solution File, Format Version 12.00
# Visual Studio Version 17
VisualStudioVersion = 17.14.36301.6
MinimumVisualStudioVersion = 10.0.40219.1
Project("{FAE04EC0-301F-11D3-BF4B-00C04F79EFBC}") = "minapiwdb", "minapiwdb\minapiwdb.csproj", "{3939BDC7-0E2E-4928-931B-0EDB81ECE4BD}"
EndProject
Project("{FAE04EC0-301F-11D3-BF4B-00C04F79EFBC}") = "ConsoleApp1", "ConsoleApp1\ConsoleApp1.csproj", "{206E7833-EF70-4031-8357-13DE31C38283}"
EndProject
Global
	GlobalSection(SolutionConfigurationPlatforms) = preSolution
		Debug|Any CPU = Debug|Any CPU
		Release|Any CPU = Release|Any CPU
	EndGlobalSection
	GlobalSection(ProjectConfigurationPlatforms) = postSolution
		{3939BDC7-0E2E-4928-931B-0EDB81ECE4BD}.Debug|Any CPU.ActiveCfg = Debug|Any CPU
		{3939BDC7-0E2E-4928-931B-0EDB81ECE4BD}.Debug|Any CPU.Build.0 = Debug|Any CPU
		{3939BDC7-0E2E-4928-931B-0EDB81ECE4BD}.Release|Any CPU.ActiveCfg = Release|Any CPU
		{3939BDC7-0E2E-4928-931B-0EDB81ECE4BD}.Release|Any CPU.Build.0 = Release|Any CPU
		{206E7833-EF70-4031-8357-13DE31C38283}.Debug|Any CPU.ActiveCfg = Debug|Any CPU
		{206E7833-EF70-4031-8357-13DE31C38283}.Debug|Any CPU.Build.0 = Debug|Any CPU
		{206E7833-EF70-4031-8357-13DE31C38283}.Release|Any CPU.ActiveCfg = Release|Any CPU
		{206E7833-EF70-4031-8357-13DE31C38283}.Release|Any CPU.Build.0 = Release|Any CPU
	EndGlobalSection
	GlobalSection(SolutionProperties) = preSolution
		HideSolutionNode = FALSE
	EndGlobalSection
	GlobalSection(ExtensibilityGlobals) = postSolution
		SolutionGuid = {1EE8DD08-C01A-41D0-8897-9CFD699DB2BA}
	EndGlobalSection
EndGlobal
